
Microsoft Visual Studio Solution File, Format Version 12.00
# Visual Studio Version 17
VisualStudioVersion = 17.13.35931.197 d17.13
MinimumVisualStudioVersion = 10.0.40219.1
Project("{FAE04EC0-301F-11D3-BF4B-00C04F79EFBC}") = "DoOrDie", "DoOrDie.csproj", "{DE931E93-AC7D-4D53-8D68-2756A3E91982}"
EndProject
Global
	GlobalSection(SolutionConfigurationPlatforms) = preSolution
		Debug|Any CPU = Debug|Any CPU
		Release|Any CPU = Release|Any CPU
	EndGlobalSection
	GlobalSection(ProjectConfigurationPlatforms) = postSolution
		{DE931E93-AC7D-4D53-8D68-2756A3E91982}.Debug|Any CPU.ActiveCfg = Debug|Any CPU
		{DE931E93-AC7D-4D53-8D68-2756A3E91982}.Debug|Any CPU.Build.0 = Debug|Any CPU
		{DE931E93-AC7D-4D53-8D68-2756A3E91982}.Release|Any CPU.ActiveCfg = Release|Any CPU
		{DE931E93-AC7D-4D53-8D68-2756A3E91982}.Release|Any CPU.Build.0 = Release|Any CPU
	EndGlobalSection
	GlobalSection(SolutionProperties) = preSolution
		HideSolutionNode = FALSE
	EndGlobalSection
	GlobalSection(ExtensibilityGlobals) = postSolution
		SolutionGuid = {3DD1C701-04DB-4AD5-B423-A7C4E9773690}
	EndGlobalSection
EndGlobal
